PODS:
  - Alamofire (5.7.1)
  - Factory (2.2.0)

DEPENDENCIES:
  - Alamofire
  - Factory

SPEC REPOS:
  trunk:
    - Alamofire
    - Factory

SPEC CHECKSUMS:
  Alamofire: 0123a34370cb170936ae79a8df46cc62b2edeb88
  Factory: ec9527abfa59ddf2a1b024914b1e380f616f9e03

PODFILE CHECKSUM: 4c65a6a290f0d99483907cdf183a7bf616534af7

COCOAPODS: 1.12.1
