// !$*UTF8*$!
{
	archiveVersion = 1;
	classes = {
	};
	objectVersion = 56;
	objects = {

/* Begin PBXBuildFile section */
		2C0A12E12A51F7EE00A59FFD /* SoriApp.swift in Sources */ = {isa = PBXBuildFile; fileRef = 2C0A12E02A51F7EE00A59FFD /* SoriApp.swift */; };
		2C0A12E32A51F7EE00A59FFD /* ContentView.swift in Sources */ = {isa = PBXBuildFile; fileRef = 2C0A12E22A51F7EE00A59FFD /* ContentView.swift */; };
		2C0A12E52A51F7EF00A59FFD /* Assets.xcassets in Resources */ = {isa = PBXBuildFile; fileRef = 2C0A12E42A51F7EF00A59FFD /* Assets.xcassets */; };
		2C0A12E82A51F7EF00A59FFD /* Preview Assets.xcassets in Resources */ = {isa = PBXBuildFile; fileRef = 2C0A12E72A51F7EF00A59FFD /* Preview Assets.xcassets */; };
		2CAE92F72A51FA8200DF0D66 /* LoginView.swift in Sources */ = {isa = PBXBuildFile; fileRef = 2CAE92F62A51FA8200DF0D66 /* LoginView.swift */; };
		2CAE92F92A51FAE400DF0D66 /* HomeView.swift in Sources */ = {isa = PBXBuildFile; fileRef = 2CAE92F82A51FAE400DF0D66 /* HomeView.swift */; };
		2CAE92FB2A51FB0B00DF0D66 /* ProfileView.swift in Sources */ = {isa = PBXBuildFile; fileRef = 2CAE92FA2A51FB0B00DF0D66 /* ProfileView.swift */; };
		2CAE93072A52130900DF0D66 /* AuthModule.swift in Sources */ = {isa = PBXBuildFile; fileRef = 2CAE93062A52130900DF0D66 /* AuthModule.swift */; };
		2CAE930D2A52171800DF0D66 /* Session.swift in Sources */ = {isa = PBXBuildFile; fileRef = 2CAE930C2A52171800DF0D66 /* Session.swift */; };
		2CAE930F2A52178500DF0D66 /* Customer.swift in Sources */ = {isa = PBXBuildFile; fileRef = 2CAE930E2A52178500DF0D66 /* Customer.swift */; };
		2CAE93112A5218A500DF0D66 /* AuthRepositoryProtocol.swift in Sources */ = {isa = PBXBuildFile; fileRef = 2CAE93102A5218A500DF0D66 /* AuthRepositoryProtocol.swift */; };
		2CAE93152A52193E00DF0D66 /* DomainError.swift in Sources */ = {isa = PBXBuildFile; fileRef = 2CAE93142A52193E00DF0D66 /* DomainError.swift */; };
		2CAE93172A52200700DF0D66 /* CreateGuestTokenUseCase.swift in Sources */ = {isa = PBXBuildFile; fileRef = 2CAE93162A52200700DF0D66 /* CreateGuestTokenUseCase.swift */; };
		2CAE93192A52202700DF0D66 /* RefreshTokenUseCase.swift in Sources */ = {isa = PBXBuildFile; fileRef = 2CAE93182A52202700DF0D66 /* RefreshTokenUseCase.swift */; };
		2CAE931B2A52203D00DF0D66 /* GetCustomerUseCase.swift in Sources */ = {isa = PBXBuildFile; fileRef = 2CAE931A2A52203D00DF0D66 /* GetCustomerUseCase.swift */; };
		2CAE931D2A52204A00DF0D66 /* SignInUseCase.swift in Sources */ = {isa = PBXBuildFile; fileRef = 2CAE931C2A52204A00DF0D66 /* SignInUseCase.swift */; };
		2CAE93222A52233100DF0D66 /* AuthUseCasesWrapper.swift in Sources */ = {isa = PBXBuildFile; fileRef = 2CAE93212A52233000DF0D66 /* AuthUseCasesWrapper.swift */; };
		2CAE93242A52246500DF0D66 /* AuthViewModel.swift in Sources */ = {isa = PBXBuildFile; fileRef = 2CAE93232A52246500DF0D66 /* AuthViewModel.swift */; };
		2CAE93292A5237F200DF0D66 /* HomeViewModel.swift in Sources */ = {isa = PBXBuildFile; fileRef = 2CAE93282A5237F200DF0D66 /* HomeViewModel.swift */; };
		2CAE932B2A52382900DF0D66 /* LoginViewModel.swift in Sources */ = {isa = PBXBuildFile; fileRef = 2CAE932A2A52382900DF0D66 /* LoginViewModel.swift */; };
		A5A261B10DD0A93A063FCCB4 /* Pods_Sori.framework in Frameworks */ = {isa = PBXBuildFile; fileRef = E7ED78F842DED411F1FBAADE /* Pods_Sori.framework */; };
/* End PBXBuildFile section */

/* Begin PBXFileReference section */
		2C0A12DD2A51F7EE00A59FFD /* Sori.app */ = {isa = PBXFileReference; explicitFileType = wrapper.application; includeInIndex = 0; path = Sori.app; sourceTree = BUILT_PRODUCTS_DIR; };
		2C0A12E02A51F7EE00A59FFD /* SoriApp.swift */ = {isa = PBXFileReference; lastKnownFileType = sourcecode.swift; path = SoriApp.swift; sourceTree = "<group>"; };
		2C0A12E22A51F7EE00A59FFD /* ContentView.swift */ = {isa = PBXFileReference; lastKnownFileType = sourcecode.swift; path = ContentView.swift; sourceTree = "<group>"; };
		2C0A12E42A51F7EF00A59FFD /* Assets.xcassets */ = {isa = PBXFileReference; lastKnownFileType = folder.assetcatalog; path = Assets.xcassets; sourceTree = "<group>"; };
		2C0A12E72A51F7EF00A59FFD /* Preview Assets.xcassets */ = {isa = PBXFileReference; lastKnownFileType = folder.assetcatalog; path = "Preview Assets.xcassets"; sourceTree = "<group>"; };
		2CAE92F62A51FA8200DF0D66 /* LoginView.swift */ = {isa = PBXFileReference; lastKnownFileType = sourcecode.swift; path = LoginView.swift; sourceTree = "<group>"; };
		2CAE92F82A51FAE400DF0D66 /* HomeView.swift */ = {isa = PBXFileReference; lastKnownFileType = sourcecode.swift; path = HomeView.swift; sourceTree = "<group>"; };
		2CAE92FA2A51FB0B00DF0D66 /* ProfileView.swift */ = {isa = PBXFileReference; lastKnownFileType = sourcecode.swift; path = ProfileView.swift; sourceTree = "<group>"; };
		2CAE93062A52130900DF0D66 /* AuthModule.swift */ = {isa = PBXFileReference; lastKnownFileType = sourcecode.swift; path = AuthModule.swift; sourceTree = "<group>"; };
		2CAE930C2A52171800DF0D66 /* Session.swift */ = {isa = PBXFileReference; lastKnownFileType = sourcecode.swift; path = Session.swift; sourceTree = "<group>"; };
		2CAE930E2A52178500DF0D66 /* Customer.swift */ = {isa = PBXFileReference; lastKnownFileType = sourcecode.swift; path = Customer.swift; sourceTree = "<group>"; };
		2CAE93102A5218A500DF0D66 /* AuthRepositoryProtocol.swift */ = {isa = PBXFileReference; lastKnownFileType = sourcecode.swift; path = AuthRepositoryProtocol.swift; sourceTree = "<group>"; };
		2CAE93142A52193E00DF0D66 /* DomainError.swift */ = {isa = PBXFileReference; lastKnownFileType = sourcecode.swift; path = DomainError.swift; sourceTree = "<group>"; };
		2CAE93162A52200700DF0D66 /* CreateGuestTokenUseCase.swift */ = {isa = PBXFileReference; lastKnownFileType = sourcecode.swift; path = CreateGuestTokenUseCase.swift; sourceTree = "<group>"; };
		2CAE93182A52202700DF0D66 /* RefreshTokenUseCase.swift */ = {isa = PBXFileReference; lastKnownFileType = sourcecode.swift; path = RefreshTokenUseCase.swift; sourceTree = "<group>"; };
		2CAE931A2A52203D00DF0D66 /* GetCustomerUseCase.swift */ = {isa = PBXFileReference; lastKnownFileType = sourcecode.swift; path = GetCustomerUseCase.swift; sourceTree = "<group>"; };
		2CAE931C2A52204A00DF0D66 /* SignInUseCase.swift */ = {isa = PBXFileReference; lastKnownFileType = sourcecode.swift; path = SignInUseCase.swift; sourceTree = "<group>"; };
		2CAE93212A52233000DF0D66 /* AuthUseCasesWrapper.swift */ = {isa = PBXFileReference; lastKnownFileType = sourcecode.swift; path = AuthUseCasesWrapper.swift; sourceTree = "<group>"; };
		2CAE93232A52246500DF0D66 /* AuthViewModel.swift */ = {isa = PBXFileReference; lastKnownFileType = sourcecode.swift; path = AuthViewModel.swift; sourceTree = "<group>"; };
		2CAE93282A5237F200DF0D66 /* HomeViewModel.swift */ = {isa = PBXFileReference; lastKnownFileType = sourcecode.swift; path = HomeViewModel.swift; sourceTree = "<group>"; };
		2CAE932A2A52382900DF0D66 /* LoginViewModel.swift */ = {isa = PBXFileReference; lastKnownFileType = sourcecode.swift; path = LoginViewModel.swift; sourceTree = "<group>"; };
		BF80CFEEF14F8DD4E8FDBD98 /* Pods-Sori.debug.xcconfig */ = {isa = PBXFileReference; includeInIndex = 1; lastKnownFileType = text.xcconfig; name = "Pods-Sori.debug.xcconfig"; path = "Target Support Files/Pods-Sori/Pods-Sori.debug.xcconfig"; sourceTree = "<group>"; };
		E1877D9C57CAF4BB1DCB5398 /* Pods-Sori.release.xcconfig */ = {isa = PBXFileReference; includeInIndex = 1; lastKnownFileType = text.xcconfig; name = "Pods-Sori.release.xcconfig"; path = "Target Support Files/Pods-Sori/Pods-Sori.release.xcconfig"; sourceTree = "<group>"; };
		E7ED78F842DED411F1FBAADE /* Pods_Sori.framework */ = {isa = PBXFileReference; explicitFileType = wrapper.framework; includeInIndex = 0; path = Pods_Sori.framework; sourceTree = BUILT_PRODUCTS_DIR; };
/* End PBXFileReference section */

/* Begin PBXFrameworksBuildPhase section */
		2C0A12DA2A51F7EE00A59FFD /* Frameworks */ = {
			isa = PBXFrameworksBuildPhase;
			buildActionMask = 2147483647;
			files = (
				A5A261B10DD0A93A063FCCB4 /* Pods_Sori.framework in Frameworks */,
			);
			runOnlyForDeploymentPostprocessing = 0;
		};
/* End PBXFrameworksBuildPhase section */

/* Begin PBXGroup section */
		2C0A12D42A51F7EE00A59FFD = {
			isa = PBXGroup;
			children = (
				2C0A12DF2A51F7EE00A59FFD /* Sori */,
				2C0A12DE2A51F7EE00A59FFD /* Products */,
				5F271EC5D3870BC2D2351990 /* Pods */,
				38D7D6B01C1A14EB23558892 /* Frameworks */,
			);
			sourceTree = "<group>";
		};
		2C0A12DE2A51F7EE00A59FFD /* Products */ = {
			isa = PBXGroup;
			children = (
				2C0A12DD2A51F7EE00A59FFD /* Sori.app */,
			);
			name = Products;
			sourceTree = "<group>";
		};
		2C0A12DF2A51F7EE00A59FFD /* Sori */ = {
			isa = PBXGroup;
			children = (
				2C0A12E22A51F7EE00A59FFD /* ContentView.swift */,
				2CAE92FC2A52106700DF0D66 /* Assets */,
				2CAE92FD2A52107E00DF0D66 /* Core */,
				2CAE93012A52118000DF0D66 /* FeatureAuth */,
				2CAE92FF2A52116B00DF0D66 /* FeatureHome */,
				2CAE93002A52117600DF0D66 /* FeatureProfile */,
				2C0A12E62A51F7EF00A59FFD /* Preview Content */,
				2CAE92FE2A52108A00DF0D66 /* System */,
			);
			path = Sori;
			sourceTree = "<group>";
		};
		2C0A12E62A51F7EF00A59FFD /* Preview Content */ = {
			isa = PBXGroup;
			children = (
				2C0A12E72A51F7EF00A59FFD /* Preview Assets.xcassets */,
			);
			path = "Preview Content";
			sourceTree = "<group>";
		};
		2CAE92FC2A52106700DF0D66 /* Assets */ = {
			isa = PBXGroup;
			children = (
				2C0A12E42A51F7EF00A59FFD /* Assets.xcassets */,
			);
			path = Assets;
			sourceTree = "<group>";
		};
		2CAE92FD2A52107E00DF0D66 /* Core */ = {
			isa = PBXGroup;
			children = (
				2CAE93122A52191500DF0D66 /* Domain */,
			);
			path = Core;
			sourceTree = "<group>";
		};
		2CAE92FE2A52108A00DF0D66 /* System */ = {
			isa = PBXGroup;
			children = (
				2C0A12E02A51F7EE00A59FFD /* SoriApp.swift */,
			);
			path = System;
			sourceTree = "<group>";
		};
		2CAE92FF2A52116B00DF0D66 /* FeatureHome */ = {
			isa = PBXGroup;
			children = (
				2CAE93272A5237E600DF0D66 /* presentation */,
			);
			path = FeatureHome;
			sourceTree = "<group>";
		};
		2CAE93002A52117600DF0D66 /* FeatureProfile */ = {
			isa = PBXGroup;
			children = (
				2CAE92FA2A51FB0B00DF0D66 /* ProfileView.swift */,
			);
			path = FeatureProfile;
			sourceTree = "<group>";
		};
		2CAE93012A52118000DF0D66 /* FeatureAuth */ = {
			isa = PBXGroup;
			children = (
				2CAE93052A5212EB00DF0D66 /* DI */,
				2CAE93042A5211EE00DF0D66 /* Data */,
				2CAE93032A5211DC00DF0D66 /* Domain */,
				2CAE93022A5211D100DF0D66 /* Presentation */,
			);
			path = FeatureAuth;
			sourceTree = "<group>";
		};
		2CAE93022A5211D100DF0D66 /* Presentation */ = {
			isa = PBXGroup;
			children = (
				2CAE92F62A51FA8200DF0D66 /* LoginView.swift */,
				2CAE93232A52246500DF0D66 /* AuthViewModel.swift */,
				2CAE932A2A52382900DF0D66 /* LoginViewModel.swift */,
			);
			path = Presentation;
			sourceTree = "<group>";
		};
		2CAE93032A5211DC00DF0D66 /* Domain */ = {
			isa = PBXGroup;
			children = (
				2CAE930B2A5213FE00DF0D66 /* Model */,
				2CAE930A2A5213F500DF0D66 /* Repository */,
				2CAE93092A5213D200DF0D66 /* UseCases */,
			);
			path = Domain;
			sourceTree = "<group>";
		};
		2CAE93042A5211EE00DF0D66 /* Data */ = {
			isa = PBXGroup;
			children = (
			);
			path = Data;
			sourceTree = "<group>";
		};
		2CAE93052A5212EB00DF0D66 /* DI */ = {
			isa = PBXGroup;
			children = (
				2CAE93062A52130900DF0D66 /* AuthModule.swift */,
			);
			path = DI;
			sourceTree = "<group>";
		};
		2CAE93092A5213D200DF0D66 /* UseCases */ = {
			isa = PBXGroup;
			children = (
				2CAE93182A52202700DF0D66 /* RefreshTokenUseCase.swift */,
				2CAE93162A52200700DF0D66 /* CreateGuestTokenUseCase.swift */,
				2CAE931A2A52203D00DF0D66 /* GetCustomerUseCase.swift */,
				2CAE931C2A52204A00DF0D66 /* SignInUseCase.swift */,
				2CAE93212A52233000DF0D66 /* AuthUseCasesWrapper.swift */,
			);
			path = UseCases;
			sourceTree = "<group>";
		};
		2CAE930A2A5213F500DF0D66 /* Repository */ = {
			isa = PBXGroup;
			children = (
				2CAE93102A5218A500DF0D66 /* AuthRepositoryProtocol.swift */,
			);
			path = Repository;
			sourceTree = "<group>";
		};
		2CAE930B2A5213FE00DF0D66 /* Model */ = {
			isa = PBXGroup;
			children = (
				2CAE930C2A52171800DF0D66 /* Session.swift */,
				2CAE930E2A52178500DF0D66 /* Customer.swift */,
			);
			path = Model;
			sourceTree = "<group>";
		};
		2CAE93122A52191500DF0D66 /* Domain */ = {
			isa = PBXGroup;
			children = (
				2CAE93132A52192200DF0D66 /* Model */,
			);
			path = Domain;
			sourceTree = "<group>";
		};
		2CAE93132A52192200DF0D66 /* Model */ = {
			isa = PBXGroup;
			children = (
				2CAE93142A52193E00DF0D66 /* DomainError.swift */,
			);
			path = Model;
			sourceTree = "<group>";
		};
		2CAE93272A5237E600DF0D66 /* presentation */ = {
			isa = PBXGroup;
			children = (
				2CAE92F82A51FAE400DF0D66 /* HomeView.swift */,
				2CAE93282A5237F200DF0D66 /* HomeViewModel.swift */,
			);
			path = presentation;
			sourceTree = "<group>";
		};
		38D7D6B01C1A14EB23558892 /* Frameworks */ = {
			isa = PBXGroup;
			children = (
				E7ED78F842DED411F1FBAADE /* Pods_Sori.framework */,
			);
			name = Frameworks;
			sourceTree = "<group>";
		};
		5F271EC5D3870BC2D2351990 /* Pods */ = {
			isa = PBXGroup;
			children = (
				BF80CFEEF14F8DD4E8FDBD98 /* Pods-Sori.debug.xcconfig */,
				E1877D9C57CAF4BB1DCB5398 /* Pods-Sori.release.xcconfig */,
			);
			path = Pods;
			sourceTree = "<group>";
		};
/* End PBXGroup section */

/* Begin PBXNativeTarget section */
		2C0A12DC2A51F7EE00A59FFD /* Sori */ = {
			isa = PBXNativeTarget;
			buildConfigurationList = 2C0A12EB2A51F7EF00A59FFD /* Build configuration list for PBXNativeTarget "Sori" */;
			buildPhases = (
				1395A1C696BFBF90F0D9C9A9 /* [CP] Check Pods Manifest.lock */,
				2C0A12D92A51F7EE00A59FFD /* Sources */,
				2C0A12DA2A51F7EE00A59FFD /* Frameworks */,
				2C0A12DB2A51F7EE00A59FFD /* Resources */,
				21654241DDBA2CCCEFE047AA /* [CP] Embed Pods Frameworks */,
			);
			buildRules = (
			);
			dependencies = (
			);
			name = Sori;
			productName = Sori;
			productReference = 2C0A12DD2A51F7EE00A59FFD /* Sori.app */;
			productType = "com.apple.product-type.application";
		};
/* End PBXNativeTarget section */

/* Begin PBXProject section */
		2C0A12D52A51F7EE00A59FFD /* Project object */ = {
			isa = PBXProject;
			attributes = {
				BuildIndependentTargetsInParallel = 1;
				LastSwiftUpdateCheck = 1430;
				LastUpgradeCheck = 1430;
				TargetAttributes = {
					2C0A12DC2A51F7EE00A59FFD = {
						CreatedOnToolsVersion = 14.3.1;
					};
				};
			};
			buildConfigurationList = 2C0A12D82A51F7EE00A59FFD /* Build configuration list for PBXProject "Sori" */;
			compatibilityVersion = "Xcode 14.0";
			developmentRegion = en;
			hasScannedForEncodings = 0;
			knownRegions = (
				en,
				Base,
			);
			mainGroup = 2C0A12D42A51F7EE00A59FFD;
			productRefGroup = 2C0A12DE2A51F7EE00A59FFD /* Products */;
			projectDirPath = "";
			projectRoot = "";
			targets = (
				2C0A12DC2A51F7EE00A59FFD /* Sori */,
			);
		};
/* End PBXProject section */

/* Begin PBXResourcesBuildPhase section */
		2C0A12DB2A51F7EE00A59FFD /* Resources */ = {
			isa = PBXResourcesBuildPhase;
			buildActionMask = 2147483647;
			files = (
				2C0A12E82A51F7EF00A59FFD /* Preview Assets.xcassets in Resources */,
				2C0A12E52A51F7EF00A59FFD /* Assets.xcassets in Resources */,
			);
			runOnlyForDeploymentPostprocessing = 0;
		};
/* End PBXResourcesBuildPhase section */

/* Begin PBXShellScriptBuildPhase section */
		1395A1C696BFBF90F0D9C9A9 /* [CP] Check Pods Manifest.lock */ = {
			isa = PBXShellScriptBuildPhase;
			buildActionMask = 2147483647;
			files = (
			);
			inputFileListPaths = (
			);
			inputPaths = (
				"${PODS_PODFILE_DIR_PATH}/Podfile.lock",
				"${PODS_ROOT}/Manifest.lock",
			);
			name = "[CP] Check Pods Manifest.lock";
			outputFileListPaths = (
			);
			outputPaths = (
				"$(DERIVED_FILE_DIR)/Pods-Sori-checkManifestLockResult.txt",
			);
			runOnlyForDeploymentPostprocessing = 0;
			shellPath = /bin/sh;
			shellScript = "diff \"${PODS_PODFILE_DIR_PATH}/Podfile.lock\" \"${PODS_ROOT}/Manifest.lock\" > /dev/null\nif [ $? != 0 ] ; then\n    # print error to STDERR\n    echo \"error: The sandbox is not in sync with the Podfile.lock. Run 'pod install' or update your CocoaPods installation.\" >&2\n    exit 1\nfi\n# This output is used by Xcode 'outputs' to avoid re-running this script phase.\necho \"SUCCESS\" > \"${SCRIPT_OUTPUT_FILE_0}\"\n";
			showEnvVarsInLog = 0;
		};
		21654241DDBA2CCCEFE047AA /* [CP] Embed Pods Frameworks */ = {
			isa = PBXShellScriptBuildPhase;
			buildActionMask = 2147483647;
			files = (
			);
			inputFileListPaths = (
				"${PODS_ROOT}/Target Support Files/Pods-Sori/Pods-Sori-frameworks-${CONFIGURATION}-input-files.xcfilelist",
			);
			name = "[CP] Embed Pods Frameworks";
			outputFileListPaths = (
				"${PODS_ROOT}/Target Support Files/Pods-Sori/Pods-Sori-frameworks-${CONFIGURATION}-output-files.xcfilelist",
			);
			runOnlyForDeploymentPostprocessing = 0;
			shellPath = /bin/sh;
			shellScript = "\"${PODS_ROOT}/Target Support Files/Pods-Sori/Pods-Sori-frameworks.sh\"\n";
			showEnvVarsInLog = 0;
		};
/* End PBXShellScriptBuildPhase section */

/* Begin PBXSourcesBuildPhase section */
		2C0A12D92A51F7EE00A59FFD /* Sources */ = {
			isa = PBXSourcesBuildPhase;
			buildActionMask = 2147483647;
			files = (
				2CAE93292A5237F200DF0D66 /* HomeViewModel.swift in Sources */,
				2CAE930D2A52171800DF0D66 /* Session.swift in Sources */,
				2CAE93172A52200700DF0D66 /* CreateGuestTokenUseCase.swift in Sources */,
				2CAE92F72A51FA8200DF0D66 /* LoginView.swift in Sources */,
				2CAE92F92A51FAE400DF0D66 /* HomeView.swift in Sources */,
				2CAE931B2A52203D00DF0D66 /* GetCustomerUseCase.swift in Sources */,
				2CAE930F2A52178500DF0D66 /* Customer.swift in Sources */,
				2CAE93242A52246500DF0D66 /* AuthViewModel.swift in Sources */,
				2CAE932B2A52382900DF0D66 /* LoginViewModel.swift in Sources */,
				2CAE93192A52202700DF0D66 /* RefreshTokenUseCase.swift in Sources */,
				2CAE93072A52130900DF0D66 /* AuthModule.swift in Sources */,
				2CAE93222A52233100DF0D66 /* AuthUseCasesWrapper.swift in Sources */,
				2CAE92FB2A51FB0B00DF0D66 /* ProfileView.swift in Sources */,
				2CAE931D2A52204A00DF0D66 /* SignInUseCase.swift in Sources */,
				2CAE93112A5218A500DF0D66 /* AuthRepositoryProtocol.swift in Sources */,
				2C0A12E32A51F7EE00A59FFD /* ContentView.swift in Sources */,
				2C0A12E12A51F7EE00A59FFD /* SoriApp.swift in Sources */,
				2CAE93152A52193E00DF0D66 /* DomainError.swift in Sources */,
			);
			runOnlyForDeploymentPostprocessing = 0;
		};
/* End PBXSourcesBuildPhase section */

/* Begin XCBuildConfiguration section */
		2C0A12E92A51F7EF00A59FFD /* Debug */ = {
			isa = XCBuildConfiguration;
			buildSettings = {
				ALWAYS_SEARCH_USER_PATHS = NO;
				CLANG_ANALYZER_NONNULL = YES;
				CLANG_ANALYZER_NUMBER_OBJECT_CONVERSION = YES_AGGRESSIVE;
				CLANG_CXX_LANGUAGE_STANDARD = "gnu++20";
				CLANG_ENABLE_MODULES = YES;
				CLANG_ENABLE_OBJC_ARC = YES;
				CLANG_ENABLE_OBJC_WEAK = YES;
				CLANG_WARN_BLOCK_CAPTURE_AUTORELEASING = YES;
				CLANG_WARN_BOOL_CONVERSION = YES;
				CLANG_WARN_COMMA = YES;
				CLANG_WARN_CONSTANT_CONVERSION = YES;
				CLANG_WARN_DEPRECATED_OBJC_IMPLEMENTATIONS = YES;
				CLANG_WARN_DIRECT_OBJC_ISA_USAGE = YES_ERROR;
				CLANG_WARN_DOCUMENTATION_COMMENTS = YES;
				CLANG_WARN_EMPTY_BODY = YES;
				CLANG_WARN_ENUM_CONVERSION = YES;
				CLANG_WARN_INFINITE_RECURSION = YES;
				CLANG_WARN_INT_CONVERSION = YES;
				CLANG_WARN_NON_LITERAL_NULL_CONVERSION = YES;
				CLANG_WARN_OBJC_IMPLICIT_RETAIN_SELF = YES;
				CLANG_WARN_OBJC_LITERAL_CONVERSION = YES;
				CLANG_WARN_OBJC_ROOT_CLASS = YES_ERROR;
				CLANG_WARN_QUOTED_INCLUDE_IN_FRAMEWORK_HEADER = YES;
				CLANG_WARN_RANGE_LOOP_ANALYSIS = YES;
				CLANG_WARN_STRICT_PROTOTYPES = YES;
				CLANG_WARN_SUSPICIOUS_MOVE = YES;
				CLANG_WARN_UNGUARDED_AVAILABILITY = YES_AGGRESSIVE;
				CLANG_WARN_UNREACHABLE_CODE = YES;
				CLANG_WARN__DUPLICATE_METHOD_MATCH = YES;
				COPY_PHASE_STRIP = NO;
				DEBUG_INFORMATION_FORMAT = dwarf;
				ENABLE_STRICT_OBJC_MSGSEND = YES;
				ENABLE_TESTABILITY = YES;
				GCC_C_LANGUAGE_STANDARD = gnu11;
				GCC_DYNAMIC_NO_PIC = NO;
				GCC_NO_COMMON_BLOCKS = YES;
				GCC_OPTIMIZATION_LEVEL = 0;
				GCC_PREPROCESSOR_DEFINITIONS = (
					"DEBUG=1",
					"$(inherited)",
				);
				GCC_WARN_64_TO_32_BIT_CONVERSION = YES;
				GCC_WARN_ABOUT_RETURN_TYPE = YES_ERROR;
				GCC_WARN_UNDECLARED_SELECTOR = YES;
				GCC_WARN_UNINITIALIZED_AUTOS = YES_AGGRESSIVE;
				GCC_WARN_UNUSED_FUNCTION = YES;
				GCC_WARN_UNUSED_VARIABLE = YES;
				IPHONEOS_DEPLOYMENT_TARGET = 16.4;
				MTL_ENABLE_DEBUG_INFO = INCLUDE_SOURCE;
				MTL_FAST_MATH = YES;
				ONLY_ACTIVE_ARCH = YES;
				SDKROOT = iphoneos;
				SWIFT_ACTIVE_COMPILATION_CONDITIONS = DEBUG;
				SWIFT_OPTIMIZATION_LEVEL = "-Onone";
			};
			name = Debug;
		};
		2C0A12EA2A51F7EF00A59FFD /* Release */ = {
			isa = XCBuildConfiguration;
			buildSettings = {
				ALWAYS_SEARCH_USER_PATHS = NO;
				CLANG_ANALYZER_NONNULL = YES;
				CLANG_ANALYZER_NUMBER_OBJECT_CONVERSION = YES_AGGRESSIVE;
				CLANG_CXX_LANGUAGE_STANDARD = "gnu++20";
				CLANG_ENABLE_MODULES = YES;
				CLANG_ENABLE_OBJC_ARC = YES;
				CLANG_ENABLE_OBJC_WEAK = YES;
				CLANG_WARN_BLOCK_CAPTURE_AUTORELEASING = YES;
				CLANG_WARN_BOOL_CONVERSION = YES;
				CLANG_WARN_COMMA = YES;
				CLANG_WARN_CONSTANT_CONVERSION = YES;
				CLANG_WARN_DEPRECATED_OBJC_IMPLEMENTATIONS = YES;
				CLANG_WARN_DIRECT_OBJC_ISA_USAGE = YES_ERROR;
				CLANG_WARN_DOCUMENTATION_COMMENTS = YES;
				CLANG_WARN_EMPTY_BODY = YES;
				CLANG_WARN_ENUM_CONVERSION = YES;
				CLANG_WARN_INFINITE_RECURSION = YES;
				CLANG_WARN_INT_CONVERSION = YES;
				CLANG_WARN_NON_LITERAL_NULL_CONVERSION = YES;
				CLANG_WARN_OBJC_IMPLICIT_RETAIN_SELF = YES;
				CLANG_WARN_OBJC_LITERAL_CONVERSION = YES;
				CLANG_WARN_OBJC_ROOT_CLASS = YES_ERROR;
				CLANG_WARN_QUOTED_INCLUDE_IN_FRAMEWORK_HEADER = YES;
				CLANG_WARN_RANGE_LOOP_ANALYSIS = YES;
				CLANG_WARN_STRICT_PROTOTYPES = YES;
				CLANG_WARN_SUSPICIOUS_MOVE = YES;
				CLANG_WARN_UNGUARDED_AVAILABILITY = YES_AGGRESSIVE;
				CLANG_WARN_UNREACHABLE_CODE = YES;
				CLANG_WARN__DUPLICATE_METHOD_MATCH = YES;
				COPY_PHASE_STRIP = NO;
				DEBUG_INFORMATION_FORMAT = "dwarf-with-dsym";
				ENABLE_NS_ASSERTIONS = NO;
				ENABLE_STRICT_OBJC_MSGSEND = YES;
				GCC_C_LANGUAGE_STANDARD = gnu11;
				GCC_NO_COMMON_BLOCKS = YES;
				GCC_WARN_64_TO_32_BIT_CONVERSION = YES;
				GCC_WARN_ABOUT_RETURN_TYPE = YES_ERROR;
				GCC_WARN_UNDECLARED_SELECTOR = YES;
				GCC_WARN_UNINITIALIZED_AUTOS = YES_AGGRESSIVE;
				GCC_WARN_UNUSED_FUNCTION = YES;
				GCC_WARN_UNUSED_VARIABLE = YES;
				IPHONEOS_DEPLOYMENT_TARGET = 16.4;
				MTL_ENABLE_DEBUG_INFO = NO;
				MTL_FAST_MATH = YES;
				SDKROOT = iphoneos;
				SWIFT_COMPILATION_MODE = wholemodule;
				SWIFT_OPTIMIZATION_LEVEL = "-O";
				VALIDATE_PRODUCT = YES;
			};
			name = Release;
		};
		2C0A12EC2A51F7EF00A59FFD /* Debug */ = {
			isa = XCBuildConfiguration;
			baseConfigurationReference = BF80CFEEF14F8DD4E8FDBD98 /* Pods-Sori.debug.xcconfig */;
			buildSettings = {
				ASSETCATALOG_COMPILER_APPICON_NAME = AppIcon;
				ASSETCATALOG_COMPILER_GLOBAL_ACCENT_COLOR_NAME = AccentColor;
				CODE_SIGN_STYLE = Automatic;
				CURRENT_PROJECT_VERSION = 1;
				DEVELOPMENT_ASSET_PATHS = "\"Sori/Preview Content\"";
				DEVELOPMENT_TEAM = BKP33A2RVZ;
				ENABLE_PREVIEWS = YES;
				GENERATE_INFOPLIST_FILE = YES;
				INFOPLIST_KEY_UIApplicationSceneManifest_Generation = YES;
				INFOPLIST_KEY_UIApplicationSupportsIndirectInputEvents = YES;
				INFOPLIST_KEY_UILaunchScreen_Generation = YES;
				INFOPLIST_KEY_UISupportedInterfaceOrientations_iPad = "UIInterfaceOrientationPortrait UIInterfaceOrientationPortraitUpsideDown UIInterfaceOrientationLandscapeLeft UIInterfaceOrientationLandscapeRight";
				INFOPLIST_KEY_UISupportedInterfaceOrientations_iPhone = "UIInterfaceOrientationPortrait UIInterfaceOrientationLandscapeLeft UIInterfaceOrientationLandscapeRight";
				LD_RUNPATH_SEARCH_PATHS = (
					"$(inherited)",
					"@executable_path/Frameworks",
				);
				MARKETING_VERSION = 1.0;
				PRODUCT_BUNDLE_IDENTIFIER = clean.architecture.Sori;
				PRODUCT_NAME = "$(TARGET_NAME)";
				SWIFT_EMIT_LOC_STRINGS = YES;
				SWIFT_VERSION = 5.0;
				TARGETED_DEVICE_FAMILY = "1,2";
			};
			name = Debug;
		};
		2C0A12ED2A51F7EF00A59FFD /* Release */ = {
			isa = XCBuildConfiguration;
			baseConfigurationReference = E1877D9C57CAF4BB1DCB5398 /* Pods-Sori.release.xcconfig */;
			buildSettings = {
				ASSETCATALOG_COMPILER_APPICON_NAME = AppIcon;
				ASSETCATALOG_COMPILER_GLOBAL_ACCENT_COLOR_NAME = AccentColor;
				CODE_SIGN_STYLE = Automatic;
				CURRENT_PROJECT_VERSION = 1;
				DEVELOPMENT_ASSET_PATHS = "\"Sori/Preview Content\"";
				DEVELOPMENT_TEAM = BKP33A2RVZ;
				ENABLE_PREVIEWS = YES;
				GENERATE_INFOPLIST_FILE = YES;
				INFOPLIST_KEY_UIApplicationSceneManifest_Generation = YES;
				INFOPLIST_KEY_UIApplicationSupportsIndirectInputEvents = YES;
				INFOPLIST_KEY_UILaunchScreen_Generation = YES;
				INFOPLIST_KEY_UISupportedInterfaceOrientations_iPad = "UIInterfaceOrientationPortrait UIInterfaceOrientationPortraitUpsideDown UIInterfaceOrientationLandscapeLeft UIInterfaceOrientationLandscapeRight";
				INFOPLIST_KEY_UISupportedInterfaceOrientations_iPhone = "UIInterfaceOrientationPortrait UIInterfaceOrientationLandscapeLeft UIInterfaceOrientationLandscapeRight";
				LD_RUNPATH_SEARCH_PATHS = (
					"$(inherited)",
					"@executable_path/Frameworks",
				);
				MARKETING_VERSION = 1.0;
				PRODUCT_BUNDLE_IDENTIFIER = clean.architecture.Sori;
				PRODUCT_NAME = "$(TARGET_NAME)";
				SWIFT_EMIT_LOC_STRINGS = YES;
				SWIFT_VERSION = 5.0;
				TARGETED_DEVICE_FAMILY = "1,2";
			};
			name = Release;
		};
/* End XCBuildConfiguration section */

/* Begin XCConfigurationList section */
		2C0A12D82A51F7EE00A59FFD /* Build configuration list for PBXProject "Sori" */ = {
			isa = XCConfigurationList;
			buildConfigurations = (
				2C0A12E92A51F7EF00A59FFD /* Debug */,
				2C0A12EA2A51F7EF00A59FFD /* Release */,
			);
			defaultConfigurationIsVisible = 0;
			defaultConfigurationName = Release;
		};
		2C0A12EB2A51F7EF00A59FFD /* Build configuration list for PBXNativeTarget "Sori" */ = {
			isa = XCConfigurationList;
			buildConfigurations = (
				2C0A12EC2A51F7EF00A59FFD /* Debug */,
				2C0A12ED2A51F7EF00A59FFD /* Release */,
			);
			defaultConfigurationIsVisible = 0;
			defaultConfigurationName = Release;
		};
/* End XCConfigurationList section */
	};
	rootObject = 2C0A12D52A51F7EE00A59FFD /* Project object */;
}
